
Microsoft Visual Studio Solution File, Format Version 12.00
# Visual Studio Version 17
VisualStudioVersion = 17.13.35931.197 d17.13
MinimumVisualStudioVersion = 10.0.40219.1
Project("{FAE04EC0-301F-11D3-BF4B-00C04F79EFBC}") = "IDF-Operation", "IDF-Operation\IDF-Operation.csproj", "{05B54DE0-289E-4E3E-81C6-52447D95680F}"
EndProject
Global
	GlobalSection(SolutionConfigurationPlatforms) = preSolution
		Debug|Any CPU = Debug|Any CPU
		Release|Any CPU = Release|Any CPU
	EndGlobalSection
	GlobalSection(ProjectConfigurationPlatforms) = postSolution
		{05B54DE0-289E-4E3E-81C6-52447D95680F}.Debug|Any CPU.ActiveCfg = Debug|Any CPU
		{05B54DE0-289E-4E3E-81C6-52447D95680F}.Debug|Any CPU.Build.0 = Debug|Any CPU
		{05B54DE0-289E-4E3E-81C6-52447D95680F}.Release|Any CPU.ActiveCfg = Release|Any CPU
		{05B54DE0-289E-4E3E-81C6-52447D95680F}.Release|Any CPU.Build.0 = Release|Any CPU
	EndGlobalSection
	GlobalSection(SolutionProperties) = preSolution
		HideSolutionNode = FALSE
	EndGlobalSection
	GlobalSection(ExtensibilityGlobals) = postSolution
		SolutionGuid = {F0B9A835-FBD1-4B63-9979-D92A84515318}
	EndGlobalSection
EndGlobal
