Microsoft Visual Studio Solution File, Format Version 12.00
# Visual Studio Version 17
VisualStudioVersion = 17.5.2.0
MinimumVisualStudioVersion = 10.0.40219.1
Project("{FAE04EC0-301F-11D3-BF4B-00C04F79EFBC}") = "IDF-Operation", "IDF-Operation.csproj", "{EC7B3CDD-4726-C59F-BEE4-DC7AE1C3EE5F}"
EndProject
Global
	GlobalSection(SolutionConfigurationPlatforms) = preSolution
		Debug|Any CPU = Debug|Any CPU
		Release|Any CPU = Release|Any CPU
	EndGlobalSection
	GlobalSection(ProjectConfigurationPlatforms) = postSolution
		{EC7B3CDD-4726-C59F-BEE4-DC7AE1C3EE5F}.Debug|Any CPU.ActiveCfg = Debug|Any CPU
		{EC7B3CDD-4726-C59F-BEE4-DC7AE1C3EE5F}.Debug|Any CPU.Build.0 = Debug|Any CPU
		{EC7B3CDD-4726-C59F-BEE4-DC7AE1C3EE5F}.Release|Any CPU.ActiveCfg = Release|Any CPU
		{EC7B3CDD-4726-C59F-BEE4-DC7AE1C3EE5F}.Release|Any CPU.Build.0 = Release|Any CPU
	EndGlobalSection
	GlobalSection(SolutionProperties) = preSolution
		HideSolutionNode = FALSE
	EndGlobalSection
	GlobalSection(ExtensibilityGlobals) = postSolution
		SolutionGuid = {D8738474-12C1-438C-8764-4679A5FBDA13}
	EndGlobalSection
EndGlobal
